
Microsoft Visual Studio Solution File, Format Version 12.00
# Visual Studio Version 17
VisualStudioVersion = 17.2.32602.215
MinimumVisualStudioVersion = 10.0.40219.1
Project("{9A19103F-16F7-4668-BE54-9A1E7A4F7556}") = "Lib", "NhlLib\Lib.csproj", "{4F0B71A4-F746-4514-A9AF-4D1B375EFEC9}"
EndProject
Project("{9A19103F-16F7-4668-BE54-9A1E7A4F7556}") = "NhlDAL", "NhlDAL\NhlDAL.csproj", "{BD1FCEAA-34D5-4E52-B367-D805ECECB885}"
EndProject
Project("{9A19103F-16F7-4668-BE54-9A1E7A4F7556}") = "TestApi", "TestApi\TestApi.csproj", "{DB184293-F30D-4CC3-9B72-8242AF35DEEA}"
EndProject
Project("{9A19103F-16F7-4668-BE54-9A1E7A4F7556}") = "StatsApi", "StatsApi\StatsApi.csproj", "{52E1D939-3681-451C-9651-4131114014B8}"
EndProject
Project("{9A19103F-16F7-4668-BE54-9A1E7A4F7556}") = "NhlStatApi", "NhlStatApi\NhlStatApi.csproj", "{812BD594-0108-4036-8E53-707A32EBB318}"
EndProject
Global
	GlobalSection(SolutionConfigurationPlatforms) = preSolution
		Debug|Any CPU = Debug|Any CPU
		Release|Any CPU = Release|Any CPU
	EndGlobalSection
	GlobalSection(ProjectConfigurationPlatforms) = postSolution
		{4F0B71A4-F746-4514-A9AF-4D1B375EFEC9}.Debug|Any CPU.ActiveCfg = Debug|Any CPU
		{4F0B71A4-F746-4514-A9AF-4D1B375EFEC9}.Debug|Any CPU.Build.0 = Debug|Any CPU
		{4F0B71A4-F746-4514-A9AF-4D1B375EFEC9}.Release|Any CPU.ActiveCfg = Release|Any CPU
		{4F0B71A4-F746-4514-A9AF-4D1B375EFEC9}.Release|Any CPU.Build.0 = Release|Any CPU
		{BD1FCEAA-34D5-4E52-B367-D805ECECB885}.Debug|Any CPU.ActiveCfg = Debug|Any CPU
		{BD1FCEAA-34D5-4E52-B367-D805ECECB885}.Debug|Any CPU.Build.0 = Debug|Any CPU
		{BD1FCEAA-34D5-4E52-B367-D805ECECB885}.Release|Any CPU.ActiveCfg = Release|Any CPU
		{BD1FCEAA-34D5-4E52-B367-D805ECECB885}.Release|Any CPU.Build.0 = Release|Any CPU
		{DB184293-F30D-4CC3-9B72-8242AF35DEEA}.Debug|Any CPU.ActiveCfg = Debug|Any CPU
		{DB184293-F30D-4CC3-9B72-8242AF35DEEA}.Debug|Any CPU.Build.0 = Debug|Any CPU
		{DB184293-F30D-4CC3-9B72-8242AF35DEEA}.Release|Any CPU.ActiveCfg = Release|Any CPU
		{DB184293-F30D-4CC3-9B72-8242AF35DEEA}.Release|Any CPU.Build.0 = Release|Any CPU
		{52E1D939-3681-451C-9651-4131114014B8}.Debug|Any CPU.ActiveCfg = Debug|Any CPU
		{52E1D939-3681-451C-9651-4131114014B8}.Debug|Any CPU.Build.0 = Debug|Any CPU
		{52E1D939-3681-451C-9651-4131114014B8}.Release|Any CPU.ActiveCfg = Release|Any CPU
		{52E1D939-3681-451C-9651-4131114014B8}.Release|Any CPU.Build.0 = Release|Any CPU
		{812BD594-0108-4036-8E53-707A32EBB318}.Debug|Any CPU.ActiveCfg = Debug|Any CPU
		{812BD594-0108-4036-8E53-707A32EBB318}.Debug|Any CPU.Build.0 = Debug|Any CPU
		{812BD594-0108-4036-8E53-707A32EBB318}.Release|Any CPU.ActiveCfg = Release|Any CPU
		{812BD594-0108-4036-8E53-707A32EBB318}.Release|Any CPU.Build.0 = Release|Any CPU
	EndGlobalSection
	GlobalSection(SolutionProperties) = preSolution
		HideSolutionNode = FALSE
	EndGlobalSection
	GlobalSection(ExtensibilityGlobals) = postSolution
		SolutionGuid = {077E96D5-917C-4518-BBEB-766B21FADD29}
	EndGlobalSection
EndGlobal
